// !$*UTF8*$!
{
	archiveVersion = 1;
	classes = {
	};
	objectVersion = 77;
	objects = {

/* Begin PBXBuildFile section */
		7B706DD1A7A93F034B708B9B /* venue.json in Resources */ = {isa = PBXBuildFile; fileRef = FEA3CD2C29190FF061EE5105 /* venue.json */; };
		7B706DD1A7A93F034B708B9C /* trajectory-walk-2min.json in Resources */ = {isa = PBXBuildFile; fileRef = FEA3CD2C29190FF061EE5106 /* trajectory-walk-2min.json */; };
		C4F841605C97960D3C2767E0 /* Markers in Resources */ = {isa = PBXBuildFile; fileRef = 2D812EE175604B7393968D43 /* Markers */; };
		EFDC4954493FAD8C432B3157 /* SwarmCore in Frameworks */ = {isa = PBXBuildFile; productRef = 63006837D02926BC53E4FE36 /* SwarmCore */; };
/* End PBXBuildFile section */

/* Begin PBXFileReference section */
		141BE85673A1D7CFB5CE3F07 /* Info.plist */ = {isa = PBXFileReference; lastKnownFileType = text.plist.xml; path = Info.plist; sourceTree = "<group>"; };
		2D812EE175604B7393968D43 /* Markers */ = {isa = PBXFileReference; lastKnownFileType = folder; name = Markers; path = mobile/modules/beacon/ios/Resources/Markers; sourceTree = SOURCE_ROOT; };
		8BCD5BC4CDFDF0918087C782 /* Beacon.app */ = {isa = PBXFileReference; explicitFileType = wrapper.application; includeInIndex = 0; path = Beacon.app; sourceTree = BUILT_PRODUCTS_DIR; };
		B6346E8A533AB5823AD3F27F /* markers-print.pdf */ = {isa = PBXFileReference; lastKnownFileType = image.pdf; name = "markers-print.pdf"; path = "Resources/markers-print.pdf"; sourceTree = SOURCE_ROOT; };
		FEA3CD2C29190FF061EE5105 /* venue.json */ = {isa = PBXFileReference; lastKnownFileType = text.json; name = venue.json; path = Fixtures/venue.json; sourceTree = SOURCE_ROOT; };
		FEA3CD2C29190FF061EE5106 /* trajectory-walk-2min.json */ = {isa = PBXFileReference; lastKnownFileType = text.json; name = "trajectory-walk-2min.json"; path = "Fixtures/trajectory-walk-2min.json"; sourceTree = SOURCE_ROOT; };
/* End PBXFileReference section */

/* Begin PBXFileSystemSynchronizedRootGroup section */
		67D99A50C43AB7AF1197937A /* Beacon */ = {
			isa = PBXFileSystemSynchronizedRootGroup;
			path = Beacon;
			sourceTree = "<group>";
		};
		67D99A50C43AB7AF1197937B /* Core */ = {
			isa = PBXFileSystemSynchronizedRootGroup;
			name = Core;
			path = mobile/modules/beacon/ios/Core;
			sourceTree = SOURCE_ROOT;
		};
/* End PBXFileSystemSynchronizedRootGroup section */

/* Begin PBXFrameworksBuildPhase section */
		69BE8A4D8E4D9DA4E7DB3928 /* Frameworks */ = {
			isa = PBXFrameworksBuildPhase;
			buildActionMask = 2147483647;
			files = (
				EFDC4954493FAD8C432B3157 /* SwarmCore in Frameworks */,
			);
			runOnlyForDeploymentPostprocessing = 0;
		};
/* End PBXFrameworksBuildPhase section */

/* Begin PBXGroup section */
		328EC33DF3954DC9B83FA285 /* Products */ = {
			isa = PBXGroup;
			children = (
				8BCD5BC4CDFDF0918087C782 /* Beacon.app */,
			);
			name = Products;
			sourceTree = "<group>";
		};
		F82C405233B0537C3EF35AFC /* Resources */ = {
			isa = PBXGroup;
			children = (
				141BE85673A1D7CFB5CE3F07 /* Info.plist */,
				FEA3CD2C29190FF061EE5105 /* venue.json */,
				FEA3CD2C29190FF061EE5106 /* trajectory-walk-2min.json */,
				2D812EE175604B7393968D43 /* Markers */,
				B6346E8A533AB5823AD3F27F /* markers-print.pdf */,
			);
			path = Resources;
			sourceTree = "<group>";
		};
		F97E10D1020E3BEF961AF77B = {
			isa = PBXGroup;
			children = (
				67D99A50C43AB7AF1197937A /* Beacon */,
				67D99A50C43AB7AF1197937B /* Core */,
				F82C405233B0537C3EF35AFC /* Resources */,
				328EC33DF3954DC9B83FA285 /* Products */,
			);
			sourceTree = "<group>";
		};
/* End PBXGroup section */

/* Begin PBXNativeTarget section */
		0E8A3AD980EC179856012B7E /* Beacon */ = {
			isa = PBXNativeTarget;
			buildConfigurationList = B483F6EB73610DE752E457A0 /* Build configuration list for PBXNativeTarget "Beacon" */;
			buildPhases = (
				4E57AE888889001C06A4F7E8 /* Sources */,
				69BE8A4D8E4D9DA4E7DB3928 /* Frameworks */,
				D6C9E8A172005E68A1DD674F /* Resources */,
			);
			buildRules = (
			);
			dependencies = (
			);
			fileSystemSynchronizedGroups = (
				67D99A50C43AB7AF1197937A /* Beacon */,
				67D99A50C43AB7AF1197937B /* Core */,
			);
			name = Beacon;
			packageProductDependencies = (
				63006837D02926BC53E4FE36 /* SwarmCore */,
			);
			productName = Beacon;
			productReference = 8BCD5BC4CDFDF0918087C782 /* Beacon.app */;
			productType = "com.apple.product-type.application";
		};
/* End PBXNativeTarget section */

/* Begin PBXProject section */
		98F54143AB4E86B28C3AFEE0 /* Project object */ = {
			isa = PBXProject;
			attributes = {
				BuildIndependentTargetsInParallel = 1;
				LastSwiftUpdateCheck = 1600;
				LastUpgradeCheck = 1600;
				TargetAttributes = {
					0E8A3AD980EC179856012B7E = {
						CreatedOnToolsVersion = 16.0;
					};
				};
			};
			buildConfigurationList = 41A2CC2D5321B7BB2E956CA5 /* Build configuration list for PBXProject "Beacon" */;
			developmentRegion = en;
			hasScannedForEncodings = 0;
			knownRegions = (
				en,
				Base,
			);
			mainGroup = F97E10D1020E3BEF961AF77B;
			minimizedProjectReferenceProxies = 1;
			packageReferences = (
				C299EE55C3EC4E9E041AA964 /* XCLocalSwiftPackageReference "Packages/SwarmCore" */,
			);
			preferredProjectObjectVersion = 77;
			productRefGroup = 328EC33DF3954DC9B83FA285 /* Products */;
			projectDirPath = "";
			projectRoot = "";
			targets = (
				0E8A3AD980EC179856012B7E /* Beacon */,
			);
		};
/* End PBXProject section */

/* Begin PBXResourcesBuildPhase section */
		D6C9E8A172005E68A1DD674F /* Resources */ = {
			isa = PBXResourcesBuildPhase;
			buildActionMask = 2147483647;
			files = (
				7B706DD1A7A93F034B708B9B /* venue.json in Resources */,
				7B706DD1A7A93F034B708B9C /* trajectory-walk-2min.json in Resources */,
				C4F841605C97960D3C2767E0 /* Markers in Resources */,
			);
			runOnlyForDeploymentPostprocessing = 0;
		};
/* End PBXResourcesBuildPhase section */

/* Begin PBXSourcesBuildPhase section */
		4E57AE888889001C06A4F7E8 /* Sources */ = {
			isa = PBXSourcesBuildPhase;
			buildActionMask = 2147483647;
			files = (
			);
			runOnlyForDeploymentPostprocessing = 0;
		};
/* End PBXSourcesBuildPhase section */

/* Begin XCBuildConfiguration section */
		639A7CA24D39909E713B47F7 /* Release */ = {
			isa = XCBuildConfiguration;
			buildSettings = {
				ASSETCATALOG_COMPILER_APPICON_NAME = AppIcon;
				"CODE_SIGNING_ALLOWED[sdk=iphonesimulator*]" = NO;
				CODE_SIGNING_REQUIRED = NO;
				"CODE_SIGN_IDENTITY[sdk=iphoneos*]" = "Apple Development";
				CODE_SIGN_STYLE = Automatic;
				CURRENT_PROJECT_VERSION = 1;
				DEVELOPMENT_TEAM = K7W23XJB2P;
				ENABLE_PREVIEWS = YES;
				GENERATE_INFOPLIST_FILE = NO;
				INFOPLIST_FILE = Resources/Info.plist;
				LD_RUNPATH_SEARCH_PATHS = (
					"$(inherited)",
					"@executable_path/Frameworks",
				);
				MARKETING_VERSION = 1.0;
				PRODUCT_BUNDLE_IDENTIFIER = com.beacon.Beacon.dawson;
				PRODUCT_NAME = "$(TARGET_NAME)";
				SWIFT_EMIT_LOC_STRINGS = YES;
				TARGETED_DEVICE_FAMILY = "1,2";
			};
			name = Release;
		};
		7082CC0B6FC1282FCEABD07A /* Debug */ = {
			isa = XCBuildConfiguration;
			buildSettings = {
				ASSETCATALOG_COMPILER_APPICON_NAME = AppIcon;
				"CODE_SIGNING_ALLOWED[sdk=iphonesimulator*]" = NO;
				CODE_SIGNING_REQUIRED = NO;
				"CODE_SIGN_IDENTITY[sdk=iphoneos*]" = "Apple Development";
				CODE_SIGN_STYLE = Automatic;
				CURRENT_PROJECT_VERSION = 1;
				DEVELOPMENT_TEAM = K7W23XJB2P;
				ENABLE_PREVIEWS = YES;
				GENERATE_INFOPLIST_FILE = NO;
				INFOPLIST_FILE = Resources/Info.plist;
				LD_RUNPATH_SEARCH_PATHS = (
					"$(inherited)",
					"@executable_path/Frameworks",
				);
				MARKETING_VERSION = 1.0;
				PRODUCT_BUNDLE_IDENTIFIER = com.beacon.Beacon.dawson;
				PRODUCT_NAME = "$(TARGET_NAME)";
				SWIFT_EMIT_LOC_STRINGS = YES;
				TARGETED_DEVICE_FAMILY = "1,2";
			};
			name = Debug;
		};
		89E1FD6268CC0F221A2BE178 /* Debug */ = {
			isa = XCBuildConfiguration;
			buildSettings = {
				ALWAYS_SEARCH_USER_PATHS = NO;
				CLANG_ENABLE_MODULES = YES;
				CLANG_ENABLE_OBJC_ARC = YES;
				COPY_PHASE_STRIP = NO;
				DEBUG_INFORMATION_FORMAT = dwarf;
				ENABLE_STRICT_OBJC_MSGSEND = YES;
				ENABLE_TESTABILITY = YES;
				GCC_OPTIMIZATION_LEVEL = 0;
				GCC_PREPROCESSOR_DEFINITIONS = (
					"DEBUG=1",
					"$(inherited)",
				);
				IPHONEOS_DEPLOYMENT_TARGET = 26.0;
				MTL_ENABLE_DEBUG_INFO = INCLUDE_SOURCE;
				ONLY_ACTIVE_ARCH = YES;
				SDKROOT = iphoneos;
				SWIFT_ACTIVE_COMPILATION_CONDITIONS = "DEBUG $(inherited)";
				SWIFT_OPTIMIZATION_LEVEL = "-Onone";
				SWIFT_STRICT_CONCURRENCY = complete;
				SWIFT_VERSION = 6.0;
			};
			name = Debug;
		};
		E6DE6C99132752C914FEF632 /* Release */ = {
			isa = XCBuildConfiguration;
			buildSettings = {
				ALWAYS_SEARCH_USER_PATHS = NO;
				CLANG_ENABLE_MODULES = YES;
				CLANG_ENABLE_OBJC_ARC = YES;
				COPY_PHASE_STRIP = NO;
				DEBUG_INFORMATION_FORMAT = "dwarf-with-dsym";
				ENABLE_NS_ASSERTIONS = NO;
				ENABLE_STRICT_OBJC_MSGSEND = YES;
				IPHONEOS_DEPLOYMENT_TARGET = 26.0;
				MTL_ENABLE_DEBUG_INFO = NO;
				SDKROOT = iphoneos;
				SWIFT_COMPILATION_MODE = wholemodule;
				SWIFT_STRICT_CONCURRENCY = complete;
				SWIFT_VERSION = 6.0;
				VALIDATE_PRODUCT = YES;
			};
			name = Release;
		};
/* End XCBuildConfiguration section */

/* Begin XCConfigurationList section */
		41A2CC2D5321B7BB2E956CA5 /* Build configuration list for PBXProject "Beacon" */ = {
			isa = XCConfigurationList;
			buildConfigurations = (
				89E1FD6268CC0F221A2BE178 /* Debug */,
				E6DE6C99132752C914FEF632 /* Release */,
			);
			defaultConfigurationIsVisible = 0;
			defaultConfigurationName = Release;
		};
		B483F6EB73610DE752E457A0 /* Build configuration list for PBXNativeTarget "Beacon" */ = {
			isa = XCConfigurationList;
			buildConfigurations = (
				7082CC0B6FC1282FCEABD07A /* Debug */,
				639A7CA24D39909E713B47F7 /* Release */,
			);
			defaultConfigurationIsVisible = 0;
			defaultConfigurationName = Release;
		};
/* End XCConfigurationList section */

/* Begin XCLocalSwiftPackageReference section */
		C299EE55C3EC4E9E041AA964 /* XCLocalSwiftPackageReference "Packages/SwarmCore" */ = {
			isa = XCLocalSwiftPackageReference;
			relativePath = Packages/SwarmCore;
		};
/* End XCLocalSwiftPackageReference section */

/* Begin XCSwiftPackageProductDependency section */
		63006837D02926BC53E4FE36 /* SwarmCore */ = {
			isa = XCSwiftPackageProductDependency;
			productName = SwarmCore;
		};
/* End XCSwiftPackageProductDependency section */
	};
	rootObject = 98F54143AB4E86B28C3AFEE0 /* Project object */;
}
